
Microsoft Visual Studio Solution File, Format Version 12.00
# Visual Studio 2012
Project("{FAE04EC0-301F-11D3-BF4B-00C04F79EFBC}") = "Heroes", "Heroes\Heroes\Heroes.csproj", "{FAA4662F-E70F-4DA3-9BB7-573897853A49}"
EndProject
Project("{96E2B04D-8817-42C6-938A-82C39BA4D311}") = "HeroesContent", "Heroes\HeroesContent\HeroesContent.contentproj", "{21E84C3D-FCA7-498D-9594-EE917A740A86}"
EndProject
Global
	GlobalSection(SolutionConfigurationPlatforms) = preSolution
		Debug|Windows Phone = Debug|Windows Phone
		Release|Windows Phone = Release|Windows Phone
	EndGlobalSection
	GlobalSection(ProjectConfigurationPlatforms) = postSolution
		{FAA4662F-E70F-4DA3-9BB7-573897853A49}.Debug|Windows Phone.ActiveCfg = Debug|Windows Phone
		{FAA4662F-E70F-4DA3-9BB7-573897853A49}.Debug|Windows Phone.Build.0 = Debug|Windows Phone
		{FAA4662F-E70F-4DA3-9BB7-573897853A49}.Debug|Windows Phone.Deploy.0 = Debug|Windows Phone
		{FAA4662F-E70F-4DA3-9BB7-573897853A49}.Release|Windows Phone.ActiveCfg = Release|Windows Phone
		{FAA4662F-E70F-4DA3-9BB7-573897853A49}.Release|Windows Phone.Build.0 = Release|Windows Phone
		{FAA4662F-E70F-4DA3-9BB7-573897853A49}.Release|Windows Phone.Deploy.0 = Release|Windows Phone
		{21E84C3D-FCA7-498D-9594-EE917A740A86}.Debug|Windows Phone.ActiveCfg = Debug|Windows Phone
		{21E84C3D-FCA7-498D-9594-EE917A740A86}.Release|Windows Phone.ActiveCfg = Release|Windows Phone
	EndGlobalSection
	GlobalSection(SolutionProperties) = preSolution
		HideSolutionNode = FALSE
	EndGlobalSection
EndGlobal
